{
  "name": "@moltbot/feria-mode",
  "version": "2026.1.28",
  "lockfileVersion": 3,
  "requires": true,
  "packages": {
    "": {
      "name": "@moltbot/feria-mode",
      "version": "2026.1.28",
      "dependencies": {
        "better-sqlite3": "^11.0.0"
      }
    },
    "../../node_modules/.pnpm/better-sqlite3@11.10.0/node_modules/better-sqlite3": {
      "version": "11.10.0",
      "hasInstallScript": true,
      "license": "MIT",
      "dependencies": {
        "bindings": "^1.5.0",
        "prebuild-install": "^7.1.1"
      },
      "devDependencies": {
        "chai": "^4.3.8",
        "cli-color": "^2.0.3",
        "fs-extra": "^11.1.1",
        "mocha": "^10.2.0",
        "nodemark": "^0.3.0",
        "prebuild": "^13.0.1",
        "sqlite": "^5.0.1",
        "sqlite3": "^5.1.6"
      }
    },
    "node_modules/better-sqlite3": {
      "resolved": "../../node_modules/.pnpm/better-sqlite3@11.10.0/node_modules/better-sqlite3",
      "link": true
    }
  }
}
